
Microsoft Visual Studio Solution File, Format Version 12.00
# Visual Studio Version 17
VisualStudioVersion = 17.3.32922.545
MinimumVisualStudioVersion = 10.0.40219.1
Project("{8BC9CEB8-8B4A-11D0-8D11-00A0C91BC942}") = "prim1", "prim1\prim1.vcxproj", "{DCA5C0B7-D5BA-47CA-B410-71987A3E9E27}"
EndProject
Global
	GlobalSection(SolutionConfigurationPlatforms) = preSolution
		Debug|x64 = Debug|x64
		Debug|x86 = Debug|x86
		Release|x64 = Release|x64
		Release|x86 = Release|x86
	EndGlobalSection
	GlobalSection(ProjectConfigurationPlatforms) = postSolution
		{DCA5C0B7-D5BA-47CA-B410-71987A3E9E27}.Debug|x64.ActiveCfg = Debug|x64
		{DCA5C0B7-D5BA-47CA-B410-71987A3E9E27}.Debug|x64.Build.0 = Debug|x64
		{DCA5C0B7-D5BA-47CA-B410-71987A3E9E27}.Debug|x86.ActiveCfg = Debug|Win32
		{DCA5C0B7-D5BA-47CA-B410-71987A3E9E27}.Debug|x86.Build.0 = Debug|Win32
		{DCA5C0B7-D5BA-47CA-B410-71987A3E9E27}.Release|x64.ActiveCfg = Release|x64
		{DCA5C0B7-D5BA-47CA-B410-71987A3E9E27}.Release|x64.Build.0 = Release|x64
		{DCA5C0B7-D5BA-47CA-B410-71987A3E9E27}.Release|x86.ActiveCfg = Release|Win32
		{DCA5C0B7-D5BA-47CA-B410-71987A3E9E27}.Release|x86.Build.0 = Release|Win32
	EndGlobalSection
	GlobalSection(SolutionProperties) = preSolution
		HideSolutionNode = FALSE
	EndGlobalSection
	GlobalSection(ExtensibilityGlobals) = postSolution
		SolutionGuid = {C76E79F5-36B5-46A3-B1B7-FDB6F13BEBE2}
	EndGlobalSection
EndGlobal
